
Microsoft Visual Studio Solution File, Format Version 12.00
# Visual Studio Version 17
VisualStudioVersion = 17.5.33530.505
MinimumVisualStudioVersion = 10.0.40219.1
Project("{FAE04EC0-301F-11D3-BF4B-00C04F79EFBC}") = "WindowsFormsApp1", "WindowsFormsApp1.csproj", "{62DC7A0A-ECC0-4F68-9BA8-1B0D436B5A72}"
EndProject
Global
	GlobalSection(SolutionConfigurationPlatforms) = preSolution
		Debug|Any CPU = Debug|Any CPU
		Release|Any CPU = Release|Any CPU
	EndGlobalSection
	GlobalSection(ProjectConfigurationPlatforms) = postSolution
		{62DC7A0A-ECC0-4F68-9BA8-1B0D436B5A72}.Debug|Any CPU.ActiveCfg = Debug|Any CPU
		{62DC7A0A-ECC0-4F68-9BA8-1B0D436B5A72}.Debug|Any CPU.Build.0 = Debug|Any CPU
		{62DC7A0A-ECC0-4F68-9BA8-1B0D436B5A72}.Release|Any CPU.ActiveCfg = Release|Any CPU
		{62DC7A0A-ECC0-4F68-9BA8-1B0D436B5A72}.Release|Any CPU.Build.0 = Release|Any CPU
	EndGlobalSection
	GlobalSection(SolutionProperties) = preSolution
		HideSolutionNode = FALSE
	EndGlobalSection
	GlobalSection(ExtensibilityGlobals) = postSolution
		SolutionGuid = {4681F712-3B21-44FF-9842-C78D211B74E6}
	EndGlobalSection
EndGlobal
